
Microsoft Visual Studio Solution File, Format Version 12.00
# Visual Studio Version 17
VisualStudioVersion = 17.13.35913.81
MinimumVisualStudioVersion = 10.0.40219.1
Project("{FAE04EC0-301F-11D3-BF4B-00C04F79EFBC}") = "CheckoutApiV2", "CheckoutApiV2\CheckoutApiV2.csproj", "{29C89EB8-33A3-47C7-BC8E-26601EF40B01}"
EndProject
Project("{E53339B2-1760-4266-BCC7-CA923CBCF16C}") = "docker-compose", "docker-compose.dcproj", "{81DDED9D-158B-E303-5F62-77A2896D2A5A}"
EndProject
Project("{2150E333-8FDC-42A3-9474-1A3956D46DE8}") = "Tests", "Tests", "{02EA681E-C7D8-13C7-8484-4AC65E1B71E8}"
EndProject
Project("{FAE04EC0-301F-11D3-BF4B-00C04F79EFBC}") = "CheckoutApiV2.Test", "Tests\CheckoutApiV2.Test\CheckoutApiV2.Test.csproj", "{504400EE-1316-4794-8DC3-1D4DAA36CA2B}"
EndProject
Global
	GlobalSection(SolutionConfigurationPlatforms) = preSolution
		Debug|Any CPU = Debug|Any CPU
		Release|Any CPU = Release|Any CPU
	EndGlobalSection
	GlobalSection(ProjectConfigurationPlatforms) = postSolution
		{29C89EB8-33A3-47C7-BC8E-26601EF40B01}.Debug|Any CPU.ActiveCfg = Debug|Any CPU
		{29C89EB8-33A3-47C7-BC8E-26601EF40B01}.Debug|Any CPU.Build.0 = Debug|Any CPU
		{29C89EB8-33A3-47C7-BC8E-26601EF40B01}.Release|Any CPU.ActiveCfg = Release|Any CPU
		{29C89EB8-33A3-47C7-BC8E-26601EF40B01}.Release|Any CPU.Build.0 = Release|Any CPU
		{81DDED9D-158B-E303-5F62-77A2896D2A5A}.Debug|Any CPU.ActiveCfg = Debug|Any CPU
		{81DDED9D-158B-E303-5F62-77A2896D2A5A}.Debug|Any CPU.Build.0 = Debug|Any CPU
		{81DDED9D-158B-E303-5F62-77A2896D2A5A}.Release|Any CPU.ActiveCfg = Release|Any CPU
		{81DDED9D-158B-E303-5F62-77A2896D2A5A}.Release|Any CPU.Build.0 = Release|Any CPU
		{504400EE-1316-4794-8DC3-1D4DAA36CA2B}.Debug|Any CPU.ActiveCfg = Debug|Any CPU
		{504400EE-1316-4794-8DC3-1D4DAA36CA2B}.Debug|Any CPU.Build.0 = Debug|Any CPU
		{504400EE-1316-4794-8DC3-1D4DAA36CA2B}.Release|Any CPU.ActiveCfg = Release|Any CPU
		{504400EE-1316-4794-8DC3-1D4DAA36CA2B}.Release|Any CPU.Build.0 = Release|Any CPU
	EndGlobalSection
	GlobalSection(SolutionProperties) = preSolution
		HideSolutionNode = FALSE
	EndGlobalSection
	GlobalSection(NestedProjects) = preSolution
		{504400EE-1316-4794-8DC3-1D4DAA36CA2B} = {02EA681E-C7D8-13C7-8484-4AC65E1B71E8}
	EndGlobalSection
	GlobalSection(ExtensibilityGlobals) = postSolution
		SolutionGuid = {C7E5D3FB-0955-41A0-ABFA-F3483301E813}
	EndGlobalSection
EndGlobal
